{
    "_meta": {
        "hash": {
            "sha256": "dd053e5278c2cb31bdbe5787dc6523a4d59516cf164947f235b5c1946b700a34"
        },
        "host-environment-markers": {
            "implementation_name": "cpython",
            "implementation_version": "3.7.4",
            "os_name": "posix",
            "platform_machine": "x86_64",
            "platform_python_implementation": "CPython",
            "platform_release": "5.2.2-gentoo-fomys",
            "platform_system": "Linux",
            "platform_version": "#2 SMP Tue Jul 23 20:31:46 CEST 2019",
            "python_full_version": "3.7.4",
            "python_version": "3.7",
            "sys_platform": "linux"
        },
        "pipfile-spec": 6,
        "requires": {
            "python_version": "3.7"
        },
        "sources": [
            {
                "name": "pypi",
                "url": "https://pypi.org/simple",
                "verify_ssl": true
            }
        ]
    },
    "default": {
        "aiohttp": {
            "hashes": [],
            "version": "==3.5.4"
        },
        "async-timeout": {
            "hashes": [],
            "version": "==3.0.1"
        },
        "attrs": {
            "hashes": [],
            "version": "==19.1.0"
        },
        "chardet": {
            "hashes": [],
            "version": "==3.0.4"
        },
        "discord.py": {
            "hashes": [],
            "version": "==1.2.3"
        },
        "idna": {
            "hashes": [],
            "version": "==2.8"
        },
        "multidict": {
            "hashes": [],
            "version": "==4.5.2"
        },
        "pillow": {
            "hashes": [],
            "version": "==6.1.0"
        },
        "websockets": {
            "hashes": [],
            "version": "==6.0"
        },
        "yarl": {
            "hashes": [],
            "version": "==1.3.0"
        }
    },
    "develop": {}
}
